
Microsoft Visual Studio Solution File, Format Version 12.00
# Visual Studio 15
VisualStudioVersion = 15.0.28010.2016
MinimumVisualStudioVersion = 10.0.40219.1
Project("{8BC9CEB8-8B4A-11D0-8D11-00A0C91BC942}") = "NM_simple_iterations_method", "NM_simple_iterations_method\NM_simple_iterations_method.vcxproj", "{2B4CD857-E7ED-4D69-9DDC-08F12800CBEC}"
EndProject
Global
	GlobalSection(SolutionConfigurationPlatforms) = preSolution
		Debug|x64 = Debug|x64
		Debug|x86 = Debug|x86
		Release|x64 = Release|x64
		Release|x86 = Release|x86
	EndGlobalSection
	GlobalSection(ProjectConfigurationPlatforms) = postSolution
		{2B4CD857-E7ED-4D69-9DDC-08F12800CBEC}.Debug|x64.ActiveCfg = Debug|x64
		{2B4CD857-E7ED-4D69-9DDC-08F12800CBEC}.Debug|x64.Build.0 = Debug|x64
		{2B4CD857-E7ED-4D69-9DDC-08F12800CBEC}.Debug|x86.ActiveCfg = Debug|Win32
		{2B4CD857-E7ED-4D69-9DDC-08F12800CBEC}.Debug|x86.Build.0 = Debug|Win32
		{2B4CD857-E7ED-4D69-9DDC-08F12800CBEC}.Release|x64.ActiveCfg = Release|x64
		{2B4CD857-E7ED-4D69-9DDC-08F12800CBEC}.Release|x64.Build.0 = Release|x64
		{2B4CD857-E7ED-4D69-9DDC-08F12800CBEC}.Release|x86.ActiveCfg = Release|Win32
		{2B4CD857-E7ED-4D69-9DDC-08F12800CBEC}.Release|x86.Build.0 = Release|Win32
	EndGlobalSection
	GlobalSection(SolutionProperties) = preSolution
		HideSolutionNode = FALSE
	EndGlobalSection
	GlobalSection(ExtensibilityGlobals) = postSolution
		SolutionGuid = {AFA2E8AF-3675-4639-928B-746757771A4D}
	EndGlobalSection
EndGlobal
